
Microsoft Visual Studio Solution File, Format Version 12.00
# Visual Studio Version 17
VisualStudioVersion = 17.6.33723.286
MinimumVisualStudioVersion = 10.0.40219.1
Project("{FAE04EC0-301F-11D3-BF4B-00C04F79EFBC}") = "PrimeiroProjeto.Android", "PrimeiroProjeto.Android\PrimeiroProjeto.Android.csproj", "{E21FD1C8-98C7-42AB-B45A-11BB885E099C}"
EndProject
Project("{FAE04EC0-301F-11D3-BF4B-00C04F79EFBC}") = "PrimeiroProjeto", "PrimeiroProjeto\PrimeiroProjeto.csproj", "{F78582DF-6BED-4E71-B6CF-2BA98EDA2D4A}"
EndProject
Global
	GlobalSection(SolutionConfigurationPlatforms) = preSolution
		Debug|Any CPU = Debug|Any CPU
		Release|Any CPU = Release|Any CPU
	EndGlobalSection
	GlobalSection(ProjectConfigurationPlatforms) = postSolution
		{E21FD1C8-98C7-42AB-B45A-11BB885E099C}.Debug|Any CPU.ActiveCfg = Debug|Any CPU
		{E21FD1C8-98C7-42AB-B45A-11BB885E099C}.Debug|Any CPU.Build.0 = Debug|Any CPU
		{E21FD1C8-98C7-42AB-B45A-11BB885E099C}.Debug|Any CPU.Deploy.0 = Debug|Any CPU
		{E21FD1C8-98C7-42AB-B45A-11BB885E099C}.Release|Any CPU.ActiveCfg = Release|Any CPU
		{E21FD1C8-98C7-42AB-B45A-11BB885E099C}.Release|Any CPU.Build.0 = Release|Any CPU
		{E21FD1C8-98C7-42AB-B45A-11BB885E099C}.Release|Any CPU.Deploy.0 = Release|Any CPU
		{F78582DF-6BED-4E71-B6CF-2BA98EDA2D4A}.Debug|Any CPU.ActiveCfg = Debug|Any CPU
		{F78582DF-6BED-4E71-B6CF-2BA98EDA2D4A}.Debug|Any CPU.Build.0 = Debug|Any CPU
		{F78582DF-6BED-4E71-B6CF-2BA98EDA2D4A}.Debug|Any CPU.Deploy.0 = Debug|Any CPU
		{F78582DF-6BED-4E71-B6CF-2BA98EDA2D4A}.Release|Any CPU.ActiveCfg = Release|Any CPU
		{F78582DF-6BED-4E71-B6CF-2BA98EDA2D4A}.Release|Any CPU.Build.0 = Release|Any CPU
		{F78582DF-6BED-4E71-B6CF-2BA98EDA2D4A}.Release|Any CPU.Deploy.0 = Release|Any CPU
	EndGlobalSection
	GlobalSection(SolutionProperties) = preSolution
		HideSolutionNode = FALSE
	EndGlobalSection
	GlobalSection(ExtensibilityGlobals) = postSolution
		SolutionGuid = {D0BABABC-647B-4E66-A411-31FC1ADB7629}
	EndGlobalSection
EndGlobal
